
Microsoft Visual Studio Solution File, Format Version 12.00
# Visual Studio Version 16
VisualStudioVersion = 16.0.31105.61
MinimumVisualStudioVersion = 10.0.40219.1
Project("{2150E333-8FDC-42A3-9474-1A3956D46DE8}") = "src", "src", "{6254E9E3-9B47-4616-812A-D156319B85BB}"
EndProject
Project("{2150E333-8FDC-42A3-9474-1A3956D46DE8}") = "Api", "Api", "{613D310F-50CC-4EB7-A588-A2F470373D57}"
EndProject
Project("{2150E333-8FDC-42A3-9474-1A3956D46DE8}") = "Loader", "Loader", "{4F9C82BC-2C1D-4A93-9C0B-FAB3C8A9145F}"
EndProject
Project("{2150E333-8FDC-42A3-9474-1A3956D46DE8}") = "Consumer", "Consumer", "{5262958B-8829-40B2-8F1D-CA876B9EB0E9}"
EndProject
Project("{9A19103F-16F7-4668-BE54-9A1E7A4F7556}") = "mB.Api", "mB.Api\mB.Api.csproj", "{FD2C5FB1-42E5-4BE5-B4CC-5B27477C6EE8}"
EndProject
Project("{9A19103F-16F7-4668-BE54-9A1E7A4F7556}") = "mB.Consumer", "mB.Consumer\mB.Consumer.csproj", "{2BB59ACA-7E97-4DD5-BF4D-1D5B0056083B}"
EndProject
Project("{9A19103F-16F7-4668-BE54-9A1E7A4F7556}") = "mB.Utils", "mB.Utils\mB.Utils.csproj", "{C4A455F0-117E-450E-9455-DD1398C2B9D3}"
EndProject
Project("{9A19103F-16F7-4668-BE54-9A1E7A4F7556}") = "mB.Db", "mB.Db\mB.Db.csproj", "{55485D46-8B5A-48A6-9609-2B021CBB3FD2}"
EndProject
Project("{9A19103F-16F7-4668-BE54-9A1E7A4F7556}") = "mB.Loader.Runner", "mB.Loader.Runner\mB.Loader.Runner.csproj", "{25BCDF03-4C91-4206-8609-004FDD2774BB}"
EndProject
Project("{9A19103F-16F7-4668-BE54-9A1E7A4F7556}") = "mB.Loader", "mB.Loader\mB.Loader.csproj", "{BA6CCBCB-8A2C-4531-8EA7-BE52D0F89F4D}"
EndProject
Project("{2150E333-8FDC-42A3-9474-1A3956D46DE8}") = "tests", "tests", "{C5FDC6C6-818C-4ECA-B9D4-74235FDD9FA6}"
EndProject
Project("{FAE04EC0-301F-11D3-BF4B-00C04F79EFBC}") = "mB.Loader.Tests", "mB.Loader.Tests\mB.Loader.Tests.csproj", "{733D8230-91D2-4756-B9E6-FEA32E7A16B6}"
EndProject
Global
	GlobalSection(SolutionConfigurationPlatforms) = preSolution
		Debug|Any CPU = Debug|Any CPU
		Release|Any CPU = Release|Any CPU
	EndGlobalSection
	GlobalSection(ProjectConfigurationPlatforms) = postSolution
		{FD2C5FB1-42E5-4BE5-B4CC-5B27477C6EE8}.Debug|Any CPU.ActiveCfg = Debug|Any CPU
		{FD2C5FB1-42E5-4BE5-B4CC-5B27477C6EE8}.Debug|Any CPU.Build.0 = Debug|Any CPU
		{FD2C5FB1-42E5-4BE5-B4CC-5B27477C6EE8}.Release|Any CPU.ActiveCfg = Release|Any CPU
		{FD2C5FB1-42E5-4BE5-B4CC-5B27477C6EE8}.Release|Any CPU.Build.0 = Release|Any CPU
		{2BB59ACA-7E97-4DD5-BF4D-1D5B0056083B}.Debug|Any CPU.ActiveCfg = Debug|Any CPU
		{2BB59ACA-7E97-4DD5-BF4D-1D5B0056083B}.Debug|Any CPU.Build.0 = Debug|Any CPU
		{2BB59ACA-7E97-4DD5-BF4D-1D5B0056083B}.Release|Any CPU.ActiveCfg = Release|Any CPU
		{2BB59ACA-7E97-4DD5-BF4D-1D5B0056083B}.Release|Any CPU.Build.0 = Release|Any CPU
		{C4A455F0-117E-450E-9455-DD1398C2B9D3}.Debug|Any CPU.ActiveCfg = Debug|Any CPU
		{C4A455F0-117E-450E-9455-DD1398C2B9D3}.Debug|Any CPU.Build.0 = Debug|Any CPU
		{C4A455F0-117E-450E-9455-DD1398C2B9D3}.Release|Any CPU.ActiveCfg = Release|Any CPU
		{C4A455F0-117E-450E-9455-DD1398C2B9D3}.Release|Any CPU.Build.0 = Release|Any CPU
		{55485D46-8B5A-48A6-9609-2B021CBB3FD2}.Debug|Any CPU.ActiveCfg = Debug|Any CPU
		{55485D46-8B5A-48A6-9609-2B021CBB3FD2}.Debug|Any CPU.Build.0 = Debug|Any CPU
		{55485D46-8B5A-48A6-9609-2B021CBB3FD2}.Release|Any CPU.ActiveCfg = Release|Any CPU
		{55485D46-8B5A-48A6-9609-2B021CBB3FD2}.Release|Any CPU.Build.0 = Release|Any CPU
		{25BCDF03-4C91-4206-8609-004FDD2774BB}.Debug|Any CPU.ActiveCfg = Debug|Any CPU
		{25BCDF03-4C91-4206-8609-004FDD2774BB}.Debug|Any CPU.Build.0 = Debug|Any CPU
		{25BCDF03-4C91-4206-8609-004FDD2774BB}.Release|Any CPU.ActiveCfg = Release|Any CPU
		{25BCDF03-4C91-4206-8609-004FDD2774BB}.Release|Any CPU.Build.0 = Release|Any CPU
		{BA6CCBCB-8A2C-4531-8EA7-BE52D0F89F4D}.Debug|Any CPU.ActiveCfg = Debug|Any CPU
		{BA6CCBCB-8A2C-4531-8EA7-BE52D0F89F4D}.Debug|Any CPU.Build.0 = Debug|Any CPU
		{BA6CCBCB-8A2C-4531-8EA7-BE52D0F89F4D}.Release|Any CPU.ActiveCfg = Release|Any CPU
		{BA6CCBCB-8A2C-4531-8EA7-BE52D0F89F4D}.Release|Any CPU.Build.0 = Release|Any CPU
		{733D8230-91D2-4756-B9E6-FEA32E7A16B6}.Debug|Any CPU.ActiveCfg = Debug|Any CPU
		{733D8230-91D2-4756-B9E6-FEA32E7A16B6}.Debug|Any CPU.Build.0 = Debug|Any CPU
		{733D8230-91D2-4756-B9E6-FEA32E7A16B6}.Release|Any CPU.ActiveCfg = Release|Any CPU
		{733D8230-91D2-4756-B9E6-FEA32E7A16B6}.Release|Any CPU.Build.0 = Release|Any CPU
	EndGlobalSection
	GlobalSection(SolutionProperties) = preSolution
		HideSolutionNode = FALSE
	EndGlobalSection
	GlobalSection(NestedProjects) = preSolution
		{613D310F-50CC-4EB7-A588-A2F470373D57} = {6254E9E3-9B47-4616-812A-D156319B85BB}
		{4F9C82BC-2C1D-4A93-9C0B-FAB3C8A9145F} = {6254E9E3-9B47-4616-812A-D156319B85BB}
		{5262958B-8829-40B2-8F1D-CA876B9EB0E9} = {6254E9E3-9B47-4616-812A-D156319B85BB}
		{FD2C5FB1-42E5-4BE5-B4CC-5B27477C6EE8} = {613D310F-50CC-4EB7-A588-A2F470373D57}
		{2BB59ACA-7E97-4DD5-BF4D-1D5B0056083B} = {5262958B-8829-40B2-8F1D-CA876B9EB0E9}
		{C4A455F0-117E-450E-9455-DD1398C2B9D3} = {6254E9E3-9B47-4616-812A-D156319B85BB}
		{55485D46-8B5A-48A6-9609-2B021CBB3FD2} = {6254E9E3-9B47-4616-812A-D156319B85BB}
		{25BCDF03-4C91-4206-8609-004FDD2774BB} = {4F9C82BC-2C1D-4A93-9C0B-FAB3C8A9145F}
		{BA6CCBCB-8A2C-4531-8EA7-BE52D0F89F4D} = {4F9C82BC-2C1D-4A93-9C0B-FAB3C8A9145F}
		{733D8230-91D2-4756-B9E6-FEA32E7A16B6} = {C5FDC6C6-818C-4ECA-B9D4-74235FDD9FA6}
	EndGlobalSection
	GlobalSection(ExtensibilityGlobals) = postSolution
		SolutionGuid = {1F68B54D-C2BB-4374-8A59-C076813770A7}
	EndGlobalSection
EndGlobal
